
Microsoft Visual Studio Solution File, Format Version 12.00
# Visual Studio 15
VisualStudioVersion = 15.0.28307.902
MinimumVisualStudioVersion = 10.0.40219.1
Project("{8BC9CEB8-8B4A-11D0-8D11-00A0C91BC942}") = "EchoServer", "EchoServer\EchoServer.vcxproj", "{270143D4-A4A0-40C0-BE09-177BA867F1BF}"
EndProject
Project("{8BC9CEB8-8B4A-11D0-8D11-00A0C91BC942}") = "EchoClient", "EchoClient\EchoClient.vcxproj", "{9065C0FC-D896-4720-A64A-19BD793DC512}"
EndProject
Global
	GlobalSection(SolutionConfigurationPlatforms) = preSolution
		Debug|x64 = Debug|x64
		Debug|x86 = Debug|x86
		Release|x64 = Release|x64
		Release|x86 = Release|x86
	EndGlobalSection
	GlobalSection(ProjectConfigurationPlatforms) = postSolution
		{270143D4-A4A0-40C0-BE09-177BA867F1BF}.Debug|x64.ActiveCfg = Debug|x64
		{270143D4-A4A0-40C0-BE09-177BA867F1BF}.Debug|x64.Build.0 = Debug|x64
		{270143D4-A4A0-40C0-BE09-177BA867F1BF}.Debug|x86.ActiveCfg = Debug|Win32
		{270143D4-A4A0-40C0-BE09-177BA867F1BF}.Debug|x86.Build.0 = Debug|Win32
		{270143D4-A4A0-40C0-BE09-177BA867F1BF}.Release|x64.ActiveCfg = Release|x64
		{270143D4-A4A0-40C0-BE09-177BA867F1BF}.Release|x64.Build.0 = Release|x64
		{270143D4-A4A0-40C0-BE09-177BA867F1BF}.Release|x86.ActiveCfg = Release|Win32
		{270143D4-A4A0-40C0-BE09-177BA867F1BF}.Release|x86.Build.0 = Release|Win32
		{9065C0FC-D896-4720-A64A-19BD793DC512}.Debug|x64.ActiveCfg = Debug|x64
		{9065C0FC-D896-4720-A64A-19BD793DC512}.Debug|x64.Build.0 = Debug|x64
		{9065C0FC-D896-4720-A64A-19BD793DC512}.Debug|x86.ActiveCfg = Debug|Win32
		{9065C0FC-D896-4720-A64A-19BD793DC512}.Debug|x86.Build.0 = Debug|Win32
		{9065C0FC-D896-4720-A64A-19BD793DC512}.Release|x64.ActiveCfg = Release|x64
		{9065C0FC-D896-4720-A64A-19BD793DC512}.Release|x64.Build.0 = Release|x64
		{9065C0FC-D896-4720-A64A-19BD793DC512}.Release|x86.ActiveCfg = Release|Win32
		{9065C0FC-D896-4720-A64A-19BD793DC512}.Release|x86.Build.0 = Release|Win32
	EndGlobalSection
	GlobalSection(SolutionProperties) = preSolution
		HideSolutionNode = FALSE
	EndGlobalSection
	GlobalSection(ExtensibilityGlobals) = postSolution
		SolutionGuid = {942FB90E-2CCD-493E-B7DA-4086432ACC89}
	EndGlobalSection
EndGlobal
