
Microsoft Visual Studio Solution File, Format Version 12.00
# Visual Studio Version 16
VisualStudioVersion = 16.0.29306.81
MinimumVisualStudioVersion = 10.0.40219.1
Project("{8BC9CEB8-8B4A-11D0-8D11-00A0C91BC942}") = "Project1-FrameParser", "Project1-FrameParser\Project1-FrameParser.vcxproj", "{7033FF61-6F64-4FE0-B4AB-C517EF2E5B9D}"
EndProject
Global
	GlobalSection(SolutionConfigurationPlatforms) = preSolution
		Debug|x64 = Debug|x64
		Debug|x86 = Debug|x86
		Release|x64 = Release|x64
		Release|x86 = Release|x86
	EndGlobalSection
	GlobalSection(ProjectConfigurationPlatforms) = postSolution
		{7033FF61-6F64-4FE0-B4AB-C517EF2E5B9D}.Debug|x64.ActiveCfg = Debug|x64
		{7033FF61-6F64-4FE0-B4AB-C517EF2E5B9D}.Debug|x64.Build.0 = Debug|x64
		{7033FF61-6F64-4FE0-B4AB-C517EF2E5B9D}.Debug|x86.ActiveCfg = Debug|Win32
		{7033FF61-6F64-4FE0-B4AB-C517EF2E5B9D}.Debug|x86.Build.0 = Debug|Win32
		{7033FF61-6F64-4FE0-B4AB-C517EF2E5B9D}.Release|x64.ActiveCfg = Release|x64
		{7033FF61-6F64-4FE0-B4AB-C517EF2E5B9D}.Release|x64.Build.0 = Release|x64
		{7033FF61-6F64-4FE0-B4AB-C517EF2E5B9D}.Release|x86.ActiveCfg = Release|Win32
		{7033FF61-6F64-4FE0-B4AB-C517EF2E5B9D}.Release|x86.Build.0 = Release|Win32
	EndGlobalSection
	GlobalSection(SolutionProperties) = preSolution
		HideSolutionNode = FALSE
	EndGlobalSection
	GlobalSection(ExtensibilityGlobals) = postSolution
		SolutionGuid = {98BFDBC6-2115-45A6-A03F-63D89957D0DF}
	EndGlobalSection
EndGlobal
