
Microsoft Visual Studio Solution File, Format Version 12.00
# Visual Studio Version 16
VisualStudioVersion = 16.0.29306.81
MinimumVisualStudioVersion = 10.0.40219.1
Project("{8BC9CEB8-8B4A-11D0-8D11-00A0C91BC942}") = "PRJ02-ARPing", "PRJ02-ARPing\PRJ02-ARPing.vcxproj", "{F8EE210B-98A3-43CD-BBA0-118A0F7B63B3}"
EndProject
Global
	GlobalSection(SolutionConfigurationPlatforms) = preSolution
		Debug|x64 = Debug|x64
		Debug|x86 = Debug|x86
		Release|x64 = Release|x64
		Release|x86 = Release|x86
	EndGlobalSection
	GlobalSection(ProjectConfigurationPlatforms) = postSolution
		{F8EE210B-98A3-43CD-BBA0-118A0F7B63B3}.Debug|x64.ActiveCfg = Debug|x64
		{F8EE210B-98A3-43CD-BBA0-118A0F7B63B3}.Debug|x64.Build.0 = Debug|x64
		{F8EE210B-98A3-43CD-BBA0-118A0F7B63B3}.Debug|x86.ActiveCfg = Debug|Win32
		{F8EE210B-98A3-43CD-BBA0-118A0F7B63B3}.Debug|x86.Build.0 = Debug|Win32
		{F8EE210B-98A3-43CD-BBA0-118A0F7B63B3}.Release|x64.ActiveCfg = Release|x64
		{F8EE210B-98A3-43CD-BBA0-118A0F7B63B3}.Release|x64.Build.0 = Release|x64
		{F8EE210B-98A3-43CD-BBA0-118A0F7B63B3}.Release|x86.ActiveCfg = Release|Win32
		{F8EE210B-98A3-43CD-BBA0-118A0F7B63B3}.Release|x86.Build.0 = Release|Win32
	EndGlobalSection
	GlobalSection(SolutionProperties) = preSolution
		HideSolutionNode = FALSE
	EndGlobalSection
	GlobalSection(ExtensibilityGlobals) = postSolution
		SolutionGuid = {D02BA1BE-BE3F-40DD-8EAF-52054C3B6E8C}
	EndGlobalSection
EndGlobal
